// !$*UTF8*$!
{
	archiveVersion = 1;
	classes = {
	};
	objectVersion = 55;
	objects = {

/* Begin PBXBuildFile section */
		3D19B97D28B227DF00118243 /* FirebaseAuth in Frameworks */ = {isa = PBXBuildFile; productRef = 3D19B97C28B227DF00118243 /* FirebaseAuth */; };
		3D19B97F28B227DF00118243 /* FirebaseStorage in Frameworks */ = {isa = PBXBuildFile; productRef = 3D19B97E28B227DF00118243 /* FirebaseStorage */; };
		3D19B98128B2361F00118243 /* GoogleService-Info.plist in Resources */ = {isa = PBXBuildFile; fileRef = 3D19B98028B2361F00118243 /* GoogleService-Info.plist */; };
		3D19B98328BB973E00118243 /* ImagePicker.swift in Sources */ = {isa = PBXBuildFile; fileRef = 3D19B98228BB973E00118243 /* ImagePicker.swift */; };
		3D413686289E72AC002988DC /* firebasechatApp.swift in Sources */ = {isa = PBXBuildFile; fileRef = 3D413685289E72AC002988DC /* firebasechatApp.swift */; };
		3D413688289E72AC002988DC /* LoginView.swift in Sources */ = {isa = PBXBuildFile; fileRef = 3D413687289E72AC002988DC /* LoginView.swift */; };
		3D41368A289E72AE002988DC /* Assets.xcassets in Resources */ = {isa = PBXBuildFile; fileRef = 3D413689289E72AE002988DC /* Assets.xcassets */; };
		3D41368D289E72AE002988DC /* Preview Assets.xcassets in Resources */ = {isa = PBXBuildFile; fileRef = 3D41368C289E72AE002988DC /* Preview Assets.xcassets */; };
		3D413697289E72AE002988DC /* firebasechatTests.swift in Sources */ = {isa = PBXBuildFile; fileRef = 3D413696289E72AE002988DC /* firebasechatTests.swift */; };
		3D4136A1289E72AE002988DC /* firebasechatUITests.swift in Sources */ = {isa = PBXBuildFile; fileRef = 3D4136A0289E72AE002988DC /* firebasechatUITests.swift */; };
		3D4136A3289E72AE002988DC /* firebasechatUITestsLaunchTests.swift in Sources */ = {isa = PBXBuildFile; fileRef = 3D4136A2289E72AE002988DC /* firebasechatUITestsLaunchTests.swift */; };
/* End PBXBuildFile section */

/* Begin PBXContainerItemProxy section */
		3D413693289E72AE002988DC /* PBXContainerItemProxy */ = {
			isa = PBXContainerItemProxy;
			containerPortal = 3D41367A289E72AC002988DC /* Project object */;
			proxyType = 1;
			remoteGlobalIDString = 3D413681289E72AC002988DC;
			remoteInfo = firebasechat;
		};
		3D41369D289E72AE002988DC /* PBXContainerItemProxy */ = {
			isa = PBXContainerItemProxy;
			containerPortal = 3D41367A289E72AC002988DC /* Project object */;
			proxyType = 1;
			remoteGlobalIDString = 3D413681289E72AC002988DC;
			remoteInfo = firebasechat;
		};
/* End PBXContainerItemProxy section */

/* Begin PBXFileReference section */
		3D19B98028B2361F00118243 /* GoogleService-Info.plist */ = {isa = PBXFileReference; fileEncoding = 4; lastKnownFileType = text.plist.xml; path = "GoogleService-Info.plist"; sourceTree = "<group>"; };
		3D19B98228BB973E00118243 /* ImagePicker.swift */ = {isa = PBXFileReference; lastKnownFileType = sourcecode.swift; path = ImagePicker.swift; sourceTree = "<group>"; };
		3D413682289E72AC002988DC /* firebasechat.app */ = {isa = PBXFileReference; explicitFileType = wrapper.application; includeInIndex = 0; path = firebasechat.app; sourceTree = BUILT_PRODUCTS_DIR; };
		3D413685289E72AC002988DC /* firebasechatApp.swift */ = {isa = PBXFileReference; lastKnownFileType = sourcecode.swift; path = firebasechatApp.swift; sourceTree = "<group>"; };
		3D413687289E72AC002988DC /* LoginView.swift */ = {isa = PBXFileReference; lastKnownFileType = sourcecode.swift; path = LoginView.swift; sourceTree = "<group>"; };
		3D413689289E72AE002988DC /* Assets.xcassets */ = {isa = PBXFileReference; lastKnownFileType = folder.assetcatalog; path = Assets.xcassets; sourceTree = "<group>"; };
		3D41368C289E72AE002988DC /* Preview Assets.xcassets */ = {isa = PBXFileReference; lastKnownFileType = folder.assetcatalog; path = "Preview Assets.xcassets"; sourceTree = "<group>"; };
		3D413692289E72AE002988DC /* firebasechatTests.xctest */ = {isa = PBXFileReference; explicitFileType = wrapper.cfbundle; includeInIndex = 0; path = firebasechatTests.xctest; sourceTree = BUILT_PRODUCTS_DIR; };
		3D413696289E72AE002988DC /* firebasechatTests.swift */ = {isa = PBXFileReference; lastKnownFileType = sourcecode.swift; path = firebasechatTests.swift; sourceTree = "<group>"; };
		3D41369C289E72AE002988DC /* firebasechatUITests.xctest */ = {isa = PBXFileReference; explicitFileType = wrapper.cfbundle; includeInIndex = 0; path = firebasechatUITests.xctest; sourceTree = BUILT_PRODUCTS_DIR; };
		3D4136A0289E72AE002988DC /* firebasechatUITests.swift */ = {isa = PBXFileReference; lastKnownFileType = sourcecode.swift; path = firebasechatUITests.swift; sourceTree = "<group>"; };
		3D4136A2289E72AE002988DC /* firebasechatUITestsLaunchTests.swift */ = {isa = PBXFileReference; lastKnownFileType = sourcecode.swift; path = firebasechatUITestsLaunchTests.swift; sourceTree = "<group>"; };
/* End PBXFileReference section */

/* Begin PBXFrameworksBuildPhase section */
		3D41367F289E72AC002988DC /* Frameworks */ = {
			isa = PBXFrameworksBuildPhase;
			buildActionMask = 2147483647;
			files = (
				3D19B97D28B227DF00118243 /* FirebaseAuth in Frameworks */,
				3D19B97F28B227DF00118243 /* FirebaseStorage in Frameworks */,
			);
			runOnlyForDeploymentPostprocessing = 0;
		};
		3D41368F289E72AE002988DC /* Frameworks */ = {
			isa = PBXFrameworksBuildPhase;
			buildActionMask = 2147483647;
			files = (
			);
			runOnlyForDeploymentPostprocessing = 0;
		};
		3D413699289E72AE002988DC /* Frameworks */ = {
			isa = PBXFrameworksBuildPhase;
			buildActionMask = 2147483647;
			files = (
			);
			runOnlyForDeploymentPostprocessing = 0;
		};
/* End PBXFrameworksBuildPhase section */

/* Begin PBXGroup section */
		3D413679289E72AC002988DC = {
			isa = PBXGroup;
			children = (
				3D413684289E72AC002988DC /* firebasechat */,
				3D413695289E72AE002988DC /* firebasechatTests */,
				3D41369F289E72AE002988DC /* firebasechatUITests */,
				3D413683289E72AC002988DC /* Products */,
			);
			sourceTree = "<group>";
		};
		3D413683289E72AC002988DC /* Products */ = {
			isa = PBXGroup;
			children = (
				3D413682289E72AC002988DC /* firebasechat.app */,
				3D413692289E72AE002988DC /* firebasechatTests.xctest */,
				3D41369C289E72AE002988DC /* firebasechatUITests.xctest */,
			);
			name = Products;
			sourceTree = "<group>";
		};
		3D413684289E72AC002988DC /* firebasechat */ = {
			isa = PBXGroup;
			children = (
				3D413685289E72AC002988DC /* firebasechatApp.swift */,
				3D413687289E72AC002988DC /* LoginView.swift */,
				3D19B98028B2361F00118243 /* GoogleService-Info.plist */,
				3D413689289E72AE002988DC /* Assets.xcassets */,
				3D41368B289E72AE002988DC /* Preview Content */,
				3D19B98228BB973E00118243 /* ImagePicker.swift */,
			);
			path = firebasechat;
			sourceTree = "<group>";
		};
		3D41368B289E72AE002988DC /* Preview Content */ = {
			isa = PBXGroup;
			children = (
				3D41368C289E72AE002988DC /* Preview Assets.xcassets */,
			);
			path = "Preview Content";
			sourceTree = "<group>";
		};
		3D413695289E72AE002988DC /* firebasechatTests */ = {
			isa = PBXGroup;
			children = (
				3D413696289E72AE002988DC /* firebasechatTests.swift */,
			);
			path = firebasechatTests;
			sourceTree = "<group>";
		};
		3D41369F289E72AE002988DC /* firebasechatUITests */ = {
			isa = PBXGroup;
			children = (
				3D4136A0289E72AE002988DC /* firebasechatUITests.swift */,
				3D4136A2289E72AE002988DC /* firebasechatUITestsLaunchTests.swift */,
			);
			path = firebasechatUITests;
			sourceTree = "<group>";
		};
/* End PBXGroup section */

/* Begin PBXNativeTarget section */
		3D413681289E72AC002988DC /* firebasechat */ = {
			isa = PBXNativeTarget;
			buildConfigurationList = 3D4136A6289E72AE002988DC /* Build configuration list for PBXNativeTarget "firebasechat" */;
			buildPhases = (
				3D41367E289E72AC002988DC /* Sources */,
				3D41367F289E72AC002988DC /* Frameworks */,
				3D413680289E72AC002988DC /* Resources */,
			);
			buildRules = (
			);
			dependencies = (
			);
			name = firebasechat;
			packageProductDependencies = (
				3D19B97C28B227DF00118243 /* FirebaseAuth */,
				3D19B97E28B227DF00118243 /* FirebaseStorage */,
			);
			productName = firebasechat;
			productReference = 3D413682289E72AC002988DC /* firebasechat.app */;
			productType = "com.apple.product-type.application";
		};
		3D413691289E72AE002988DC /* firebasechatTests */ = {
			isa = PBXNativeTarget;
			buildConfigurationList = 3D4136A9289E72AE002988DC /* Build configuration list for PBXNativeTarget "firebasechatTests" */;
			buildPhases = (
				3D41368E289E72AE002988DC /* Sources */,
				3D41368F289E72AE002988DC /* Frameworks */,
				3D413690289E72AE002988DC /* Resources */,
			);
			buildRules = (
			);
			dependencies = (
				3D413694289E72AE002988DC /* PBXTargetDependency */,
			);
			name = firebasechatTests;
			productName = firebasechatTests;
			productReference = 3D413692289E72AE002988DC /* firebasechatTests.xctest */;
			productType = "com.apple.product-type.bundle.unit-test";
		};
		3D41369B289E72AE002988DC /* firebasechatUITests */ = {
			isa = PBXNativeTarget;
			buildConfigurationList = 3D4136AC289E72AE002988DC /* Build configuration list for PBXNativeTarget "firebasechatUITests" */;
			buildPhases = (
				3D413698289E72AE002988DC /* Sources */,
				3D413699289E72AE002988DC /* Frameworks */,
				3D41369A289E72AE002988DC /* Resources */,
			);
			buildRules = (
			);
			dependencies = (
				3D41369E289E72AE002988DC /* PBXTargetDependency */,
			);
			name = firebasechatUITests;
			productName = firebasechatUITests;
			productReference = 3D41369C289E72AE002988DC /* firebasechatUITests.xctest */;
			productType = "com.apple.product-type.bundle.ui-testing";
		};
/* End PBXNativeTarget section */

/* Begin PBXProject section */
		3D41367A289E72AC002988DC /* Project object */ = {
			isa = PBXProject;
			attributes = {
				BuildIndependentTargetsInParallel = 1;
				LastSwiftUpdateCheck = 1340;
				LastUpgradeCheck = 1340;
				TargetAttributes = {
					3D413681289E72AC002988DC = {
						CreatedOnToolsVersion = 13.4.1;
					};
					3D413691289E72AE002988DC = {
						CreatedOnToolsVersion = 13.4.1;
						TestTargetID = 3D413681289E72AC002988DC;
					};
					3D41369B289E72AE002988DC = {
						CreatedOnToolsVersion = 13.4.1;
						TestTargetID = 3D413681289E72AC002988DC;
					};
				};
			};
			buildConfigurationList = 3D41367D289E72AC002988DC /* Build configuration list for PBXProject "firebasechat" */;
			compatibilityVersion = "Xcode 13.0";
			developmentRegion = en;
			hasScannedForEncodings = 0;
			knownRegions = (
				en,
				Base,
			);
			mainGroup = 3D413679289E72AC002988DC;
			packageReferences = (
				3D19B97B28B227DF00118243 /* XCRemoteSwiftPackageReference "firebase-ios-sdk" */,
			);
			productRefGroup = 3D413683289E72AC002988DC /* Products */;
			projectDirPath = "";
			projectRoot = "";
			targets = (
				3D413681289E72AC002988DC /* firebasechat */,
				3D413691289E72AE002988DC /* firebasechatTests */,
				3D41369B289E72AE002988DC /* firebasechatUITests */,
			);
		};
/* End PBXProject section */

/* Begin PBXResourcesBuildPhase section */
		3D413680289E72AC002988DC /* Resources */ = {
			isa = PBXResourcesBuildPhase;
			buildActionMask = 2147483647;
			files = (
				3D41368D289E72AE002988DC /* Preview Assets.xcassets in Resources */,
				3D41368A289E72AE002988DC /* Assets.xcassets in Resources */,
				3D19B98128B2361F00118243 /* GoogleService-Info.plist in Resources */,
			);
			runOnlyForDeploymentPostprocessing = 0;
		};
		3D413690289E72AE002988DC /* Resources */ = {
			isa = PBXResourcesBuildPhase;
			buildActionMask = 2147483647;
			files = (
			);
			runOnlyForDeploymentPostprocessing = 0;
		};
		3D41369A289E72AE002988DC /* Resources */ = {
			isa = PBXResourcesBuildPhase;
			buildActionMask = 2147483647;
			files = (
			);
			runOnlyForDeploymentPostprocessing = 0;
		};
/* End PBXResourcesBuildPhase section */

/* Begin PBXSourcesBuildPhase section */
		3D41367E289E72AC002988DC /* Sources */ = {
			isa = PBXSourcesBuildPhase;
			buildActionMask = 2147483647;
			files = (
				3D19B98328BB973E00118243 /* ImagePicker.swift in Sources */,
				3D413688289E72AC002988DC /* LoginView.swift in Sources */,
				3D413686289E72AC002988DC /* firebasechatApp.swift in Sources */,
			);
			runOnlyForDeploymentPostprocessing = 0;
		};
		3D41368E289E72AE002988DC /* Sources */ = {
			isa = PBXSourcesBuildPhase;
			buildActionMask = 2147483647;
			files = (
				3D413697289E72AE002988DC /* firebasechatTests.swift in Sources */,
			);
			runOnlyForDeploymentPostprocessing = 0;
		};
		3D413698289E72AE002988DC /* Sources */ = {
			isa = PBXSourcesBuildPhase;
			buildActionMask = 2147483647;
			files = (
				3D4136A1289E72AE002988DC /* firebasechatUITests.swift in Sources */,
				3D4136A3289E72AE002988DC /* firebasechatUITestsLaunchTests.swift in Sources */,
			);
			runOnlyForDeploymentPostprocessing = 0;
		};
/* End PBXSourcesBuildPhase section */

/* Begin PBXTargetDependency section */
		3D413694289E72AE002988DC /* PBXTargetDependency */ = {
			isa = PBXTargetDependency;
			target = 3D413681289E72AC002988DC /* firebasechat */;
			targetProxy = 3D413693289E72AE002988DC /* PBXContainerItemProxy */;
		};
		3D41369E289E72AE002988DC /* PBXTargetDependency */ = {
			isa = PBXTargetDependency;
			target = 3D413681289E72AC002988DC /* firebasechat */;
			targetProxy = 3D41369D289E72AE002988DC /* PBXContainerItemProxy */;
		};
/* End PBXTargetDependency section */

/* Begin XCBuildConfiguration section */
		3D4136A4289E72AE002988DC /* Debug */ = {
			isa = XCBuildConfiguration;
			buildSettings = {
				ALWAYS_SEARCH_USER_PATHS = NO;
				CLANG_ANALYZER_NONNULL = YES;
				CLANG_ANALYZER_NUMBER_OBJECT_CONVERSION = YES_AGGRESSIVE;
				CLANG_CXX_LANGUAGE_STANDARD = "gnu++17";
				CLANG_ENABLE_MODULES = YES;
				CLANG_ENABLE_OBJC_ARC = YES;
				CLANG_ENABLE_OBJC_WEAK = YES;
				CLANG_WARN_BLOCK_CAPTURE_AUTORELEASING = YES;
				CLANG_WARN_BOOL_CONVERSION = YES;
				CLANG_WARN_COMMA = YES;
				CLANG_WARN_CONSTANT_CONVERSION = YES;
				CLANG_WARN_DEPRECATED_OBJC_IMPLEMENTATIONS = YES;
				CLANG_WARN_DIRECT_OBJC_ISA_USAGE = YES_ERROR;
				CLANG_WARN_DOCUMENTATION_COMMENTS = YES;
				CLANG_WARN_EMPTY_BODY = YES;
				CLANG_WARN_ENUM_CONVERSION = YES;
				CLANG_WARN_INFINITE_RECURSION = YES;
				CLANG_WARN_INT_CONVERSION = YES;
				CLANG_WARN_NON_LITERAL_NULL_CONVERSION = YES;
				CLANG_WARN_OBJC_IMPLICIT_RETAIN_SELF = YES;
				CLANG_WARN_OBJC_LITERAL_CONVERSION = YES;
				CLANG_WARN_OBJC_ROOT_CLASS = YES_ERROR;
				CLANG_WARN_QUOTED_INCLUDE_IN_FRAMEWORK_HEADER = YES;
				CLANG_WARN_RANGE_LOOP_ANALYSIS = YES;
				CLANG_WARN_STRICT_PROTOTYPES = YES;
				CLANG_WARN_SUSPICIOUS_MOVE = YES;
				CLANG_WARN_UNGUARDED_AVAILABILITY = YES_AGGRESSIVE;
				CLANG_WARN_UNREACHABLE_CODE = YES;
				CLANG_WARN__DUPLICATE_METHOD_MATCH = YES;
				COPY_PHASE_STRIP = NO;
				DEBUG_INFORMATION_FORMAT = dwarf;
				ENABLE_STRICT_OBJC_MSGSEND = YES;
				ENABLE_TESTABILITY = YES;
				GCC_C_LANGUAGE_STANDARD = gnu11;
				GCC_DYNAMIC_NO_PIC = NO;
				GCC_NO_COMMON_BLOCKS = YES;
				GCC_OPTIMIZATION_LEVEL = 0;
				GCC_PREPROCESSOR_DEFINITIONS = (
					"DEBUG=1",
					"$(inherited)",
				);
				GCC_WARN_64_TO_32_BIT_CONVERSION = YES;
				GCC_WARN_ABOUT_RETURN_TYPE = YES_ERROR;
				GCC_WARN_UNDECLARED_SELECTOR = YES;
				GCC_WARN_UNINITIALIZED_AUTOS = YES_AGGRESSIVE;
				GCC_WARN_UNUSED_FUNCTION = YES;
				GCC_WARN_UNUSED_VARIABLE = YES;
				IPHONEOS_DEPLOYMENT_TARGET = 15.5;
				MTL_ENABLE_DEBUG_INFO = INCLUDE_SOURCE;
				MTL_FAST_MATH = YES;
				ONLY_ACTIVE_ARCH = YES;
				SDKROOT = iphoneos;
				SWIFT_ACTIVE_COMPILATION_CONDITIONS = DEBUG;
				SWIFT_OPTIMIZATION_LEVEL = "-Onone";
			};
			name = Debug;
		};
		3D4136A5289E72AE002988DC /* Release */ = {
			isa = XCBuildConfiguration;
			buildSettings = {
				ALWAYS_SEARCH_USER_PATHS = NO;
				CLANG_ANALYZER_NONNULL = YES;
				CLANG_ANALYZER_NUMBER_OBJECT_CONVERSION = YES_AGGRESSIVE;
				CLANG_CXX_LANGUAGE_STANDARD = "gnu++17";
				CLANG_ENABLE_MODULES = YES;
				CLANG_ENABLE_OBJC_ARC = YES;
				CLANG_ENABLE_OBJC_WEAK = YES;
				CLANG_WARN_BLOCK_CAPTURE_AUTORELEASING = YES;
				CLANG_WARN_BOOL_CONVERSION = YES;
				CLANG_WARN_COMMA = YES;
				CLANG_WARN_CONSTANT_CONVERSION = YES;
				CLANG_WARN_DEPRECATED_OBJC_IMPLEMENTATIONS = YES;
				CLANG_WARN_DIRECT_OBJC_ISA_USAGE = YES_ERROR;
				CLANG_WARN_DOCUMENTATION_COMMENTS = YES;
				CLANG_WARN_EMPTY_BODY = YES;
				CLANG_WARN_ENUM_CONVERSION = YES;
				CLANG_WARN_INFINITE_RECURSION = YES;
				CLANG_WARN_INT_CONVERSION = YES;
				CLANG_WARN_NON_LITERAL_NULL_CONVERSION = YES;
				CLANG_WARN_OBJC_IMPLICIT_RETAIN_SELF = YES;
				CLANG_WARN_OBJC_LITERAL_CONVERSION = YES;
				CLANG_WARN_OBJC_ROOT_CLASS = YES_ERROR;
				CLANG_WARN_QUOTED_INCLUDE_IN_FRAMEWORK_HEADER = YES;
				CLANG_WARN_RANGE_LOOP_ANALYSIS = YES;
				CLANG_WARN_STRICT_PROTOTYPES = YES;
				CLANG_WARN_SUSPICIOUS_MOVE = YES;
				CLANG_WARN_UNGUARDED_AVAILABILITY = YES_AGGRESSIVE;
				CLANG_WARN_UNREACHABLE_CODE = YES;
				CLANG_WARN__DUPLICATE_METHOD_MATCH = YES;
				COPY_PHASE_STRIP = NO;
				DEBUG_INFORMATION_FORMAT = "dwarf-with-dsym";
				ENABLE_NS_ASSERTIONS = NO;
				ENABLE_STRICT_OBJC_MSGSEND = YES;
				GCC_C_LANGUAGE_STANDARD = gnu11;
				GCC_NO_COMMON_BLOCKS = YES;
				GCC_WARN_64_TO_32_BIT_CONVERSION = YES;
				GCC_WARN_ABOUT_RETURN_TYPE = YES_ERROR;
				GCC_WARN_UNDECLARED_SELECTOR = YES;
				GCC_WARN_UNINITIALIZED_AUTOS = YES_AGGRESSIVE;
				GCC_WARN_UNUSED_FUNCTION = YES;
				GCC_WARN_UNUSED_VARIABLE = YES;
				IPHONEOS_DEPLOYMENT_TARGET = 15.5;
				MTL_ENABLE_DEBUG_INFO = NO;
				MTL_FAST_MATH = YES;
				SDKROOT = iphoneos;
				SWIFT_COMPILATION_MODE = wholemodule;
				SWIFT_OPTIMIZATION_LEVEL = "-O";
				VALIDATE_PRODUCT = YES;
			};
			name = Release;
		};
		3D4136A7289E72AE002988DC /* Debug */ = {
			isa = XCBuildConfiguration;
			buildSettings = {
				ASSETCATALOG_COMPILER_APPICON_NAME = AppIcon;
				ASSETCATALOG_COMPILER_GLOBAL_ACCENT_COLOR_NAME = AccentColor;
				CODE_SIGN_STYLE = Automatic;
				CURRENT_PROJECT_VERSION = 1;
				DEVELOPMENT_ASSET_PATHS = "\"firebasechat/Preview Content\"";
				DEVELOPMENT_TEAM = 4TX93PT8KY;
				ENABLE_PREVIEWS = YES;
				GENERATE_INFOPLIST_FILE = YES;
				INFOPLIST_KEY_UIApplicationSceneManifest_Generation = YES;
				INFOPLIST_KEY_UIApplicationSupportsIndirectInputEvents = YES;
				INFOPLIST_KEY_UILaunchScreen_Generation = YES;
				INFOPLIST_KEY_UISupportedInterfaceOrientations = UIInterfaceOrientationPortrait;
				INFOPLIST_KEY_UISupportedInterfaceOrientations_iPad = "UIInterfaceOrientationPortrait UIInterfaceOrientationPortraitUpsideDown UIInterfaceOrientationLandscapeLeft UIInterfaceOrientationLandscapeRight";
				INFOPLIST_KEY_UISupportedInterfaceOrientations_iPhone = "UIInterfaceOrientationPortrait UIInterfaceOrientationLandscapeLeft UIInterfaceOrientationLandscapeRight";
				LD_RUNPATH_SEARCH_PATHS = (
					"$(inherited)",
					"@executable_path/Frameworks",
				);
				MARKETING_VERSION = 1.0;
				PRODUCT_BUNDLE_IDENTIFIER = com.firebasechat;
				PRODUCT_NAME = "$(TARGET_NAME)";
				SWIFT_EMIT_LOC_STRINGS = YES;
				SWIFT_VERSION = 5.0;
				TARGETED_DEVICE_FAMILY = "1,2";
			};
			name = Debug;
		};
		3D4136A8289E72AE002988DC /* Release */ = {
			isa = XCBuildConfiguration;
			buildSettings = {
				ASSETCATALOG_COMPILER_APPICON_NAME = AppIcon;
				ASSETCATALOG_COMPILER_GLOBAL_ACCENT_COLOR_NAME = AccentColor;
				CODE_SIGN_STYLE = Automatic;
				CURRENT_PROJECT_VERSION = 1;
				DEVELOPMENT_ASSET_PATHS = "\"firebasechat/Preview Content\"";
				DEVELOPMENT_TEAM = 4TX93PT8KY;
				ENABLE_PREVIEWS = YES;
				GENERATE_INFOPLIST_FILE = YES;
				INFOPLIST_KEY_UIApplicationSceneManifest_Generation = YES;
				INFOPLIST_KEY_UIApplicationSupportsIndirectInputEvents = YES;
				INFOPLIST_KEY_UILaunchScreen_Generation = YES;
				INFOPLIST_KEY_UISupportedInterfaceOrientations = UIInterfaceOrientationPortrait;
				INFOPLIST_KEY_UISupportedInterfaceOrientations_iPad = "UIInterfaceOrientationPortrait UIInterfaceOrientationPortraitUpsideDown UIInterfaceOrientationLandscapeLeft UIInterfaceOrientationLandscapeRight";
				INFOPLIST_KEY_UISupportedInterfaceOrientations_iPhone = "UIInterfaceOrientationPortrait UIInterfaceOrientationLandscapeLeft UIInterfaceOrientationLandscapeRight";
				LD_RUNPATH_SEARCH_PATHS = (
					"$(inherited)",
					"@executable_path/Frameworks",
				);
				MARKETING_VERSION = 1.0;
				PRODUCT_BUNDLE_IDENTIFIER = com.firebasechat;
				PRODUCT_NAME = "$(TARGET_NAME)";
				SWIFT_EMIT_LOC_STRINGS = YES;
				SWIFT_VERSION = 5.0;
				TARGETED_DEVICE_FAMILY = "1,2";
			};
			name = Release;
		};
		3D4136AA289E72AE002988DC /* Debug */ = {
			isa = XCBuildConfiguration;
			buildSettings = {
				ALWAYS_EMBED_SWIFT_STANDARD_LIBRARIES = YES;
				BUNDLE_LOADER = "$(TEST_HOST)";
				CODE_SIGN_STYLE = Automatic;
				CURRENT_PROJECT_VERSION = 1;
				DEVELOPMENT_TEAM = 4TX93PT8KY;
				GENERATE_INFOPLIST_FILE = YES;
				IPHONEOS_DEPLOYMENT_TARGET = 15.5;
				MARKETING_VERSION = 1.0;
				PRODUCT_BUNDLE_IDENTIFIER = example.firebasechatTests;
				PRODUCT_NAME = "$(TARGET_NAME)";
				SWIFT_EMIT_LOC_STRINGS = NO;
				SWIFT_VERSION = 5.0;
				TARGETED_DEVICE_FAMILY = "1,2";
				TEST_HOST = "$(BUILT_PRODUCTS_DIR)/firebasechat.app/firebasechat";
			};
			name = Debug;
		};
		3D4136AB289E72AE002988DC /* Release */ = {
			isa = XCBuildConfiguration;
			buildSettings = {
				ALWAYS_EMBED_SWIFT_STANDARD_LIBRARIES = YES;
				BUNDLE_LOADER = "$(TEST_HOST)";
				CODE_SIGN_STYLE = Automatic;
				CURRENT_PROJECT_VERSION = 1;
				DEVELOPMENT_TEAM = 4TX93PT8KY;
				GENERATE_INFOPLIST_FILE = YES;
				IPHONEOS_DEPLOYMENT_TARGET = 15.5;
				MARKETING_VERSION = 1.0;
				PRODUCT_BUNDLE_IDENTIFIER = example.firebasechatTests;
				PRODUCT_NAME = "$(TARGET_NAME)";
				SWIFT_EMIT_LOC_STRINGS = NO;
				SWIFT_VERSION = 5.0;
				TARGETED_DEVICE_FAMILY = "1,2";
				TEST_HOST = "$(BUILT_PRODUCTS_DIR)/firebasechat.app/firebasechat";
			};
			name = Release;
		};
		3D4136AD289E72AE002988DC /* Debug */ = {
			isa = XCBuildConfiguration;
			buildSettings = {
				ALWAYS_EMBED_SWIFT_STANDARD_LIBRARIES = YES;
				CODE_SIGN_STYLE = Automatic;
				CURRENT_PROJECT_VERSION = 1;
				DEVELOPMENT_TEAM = 4TX93PT8KY;
				GENERATE_INFOPLIST_FILE = YES;
				MARKETING_VERSION = 1.0;
				PRODUCT_BUNDLE_IDENTIFIER = example.firebasechatUITests;
				PRODUCT_NAME = "$(TARGET_NAME)";
				SWIFT_EMIT_LOC_STRINGS = NO;
				SWIFT_VERSION = 5.0;
				TARGETED_DEVICE_FAMILY = "1,2";
				TEST_TARGET_NAME = firebasechat;
			};
			name = Debug;
		};
		3D4136AE289E72AE002988DC /* Release */ = {
			isa = XCBuildConfiguration;
			buildSettings = {
				ALWAYS_EMBED_SWIFT_STANDARD_LIBRARIES = YES;
				CODE_SIGN_STYLE = Automatic;
				CURRENT_PROJECT_VERSION = 1;
				DEVELOPMENT_TEAM = 4TX93PT8KY;
				GENERATE_INFOPLIST_FILE = YES;
				MARKETING_VERSION = 1.0;
				PRODUCT_BUNDLE_IDENTIFIER = example.firebasechatUITests;
				PRODUCT_NAME = "$(TARGET_NAME)";
				SWIFT_EMIT_LOC_STRINGS = NO;
				SWIFT_VERSION = 5.0;
				TARGETED_DEVICE_FAMILY = "1,2";
				TEST_TARGET_NAME = firebasechat;
			};
			name = Release;
		};
/* End XCBuildConfiguration section */

/* Begin XCConfigurationList section */
		3D41367D289E72AC002988DC /* Build configuration list for PBXProject "firebasechat" */ = {
			isa = XCConfigurationList;
			buildConfigurations = (
				3D4136A4289E72AE002988DC /* Debug */,
				3D4136A5289E72AE002988DC /* Release */,
			);
			defaultConfigurationIsVisible = 0;
			defaultConfigurationName = Release;
		};
		3D4136A6289E72AE002988DC /* Build configuration list for PBXNativeTarget "firebasechat" */ = {
			isa = XCConfigurationList;
			buildConfigurations = (
				3D4136A7289E72AE002988DC /* Debug */,
				3D4136A8289E72AE002988DC /* Release */,
			);
			defaultConfigurationIsVisible = 0;
			defaultConfigurationName = Release;
		};
		3D4136A9289E72AE002988DC /* Build configuration list for PBXNativeTarget "firebasechatTests" */ = {
			isa = XCConfigurationList;
			buildConfigurations = (
				3D4136AA289E72AE002988DC /* Debug */,
				3D4136AB289E72AE002988DC /* Release */,
			);
			defaultConfigurationIsVisible = 0;
			defaultConfigurationName = Release;
		};
		3D4136AC289E72AE002988DC /* Build configuration list for PBXNativeTarget "firebasechatUITests" */ = {
			isa = XCConfigurationList;
			buildConfigurations = (
				3D4136AD289E72AE002988DC /* Debug */,
				3D4136AE289E72AE002988DC /* Release */,
			);
			defaultConfigurationIsVisible = 0;
			defaultConfigurationName = Release;
		};
/* End XCConfigurationList section */

/* Begin XCRemoteSwiftPackageReference section */
		3D19B97B28B227DF00118243 /* XCRemoteSwiftPackageReference "firebase-ios-sdk" */ = {
			isa = XCRemoteSwiftPackageReference;
			repositoryURL = "https://github.com/firebase/firebase-ios-sdk.git";
			requirement = {
				kind = upToNextMajorVersion;
				minimumVersion = 8.0.0;
			};
		};
/* End XCRemoteSwiftPackageReference section */

/* Begin XCSwiftPackageProductDependency section */
		3D19B97C28B227DF00118243 /* FirebaseAuth */ = {
			isa = XCSwiftPackageProductDependency;
			package = 3D19B97B28B227DF00118243 /* XCRemoteSwiftPackageReference "firebase-ios-sdk" */;
			productName = FirebaseAuth;
		};
		3D19B97E28B227DF00118243 /* FirebaseStorage */ = {
			isa = XCSwiftPackageProductDependency;
			package = 3D19B97B28B227DF00118243 /* XCRemoteSwiftPackageReference "firebase-ios-sdk" */;
			productName = FirebaseStorage;
		};
/* End XCSwiftPackageProductDependency section */
	};
	rootObject = 3D41367A289E72AC002988DC /* Project object */;
}
